
Microsoft Visual Studio Solution File, Format Version 12.00
# Visual Studio Version 16
VisualStudioVersion = 16.0.30517.126
MinimumVisualStudioVersion = 10.0.40219.1
Project("{00D1A9C2-B5F0-4AF3-8072-F6C62B433612}") = "Exercice01_StudentSection", "Exercice01_StudentSection\Exercice01_StudentSection.sqlproj", "{24A93FB7-81FA-496D-A1DF-77DD7BEA956A}"
EndProject
Project("{9A19103F-16F7-4668-BE54-9A1E7A4F7556}") = "Consommation", "Consommation\Consommation.csproj", "{8C494239-70E5-4F15-8851-6DD8D46043BF}"
EndProject
Project("{FAE04EC0-301F-11D3-BF4B-00C04F79EFBC}") = "ADO_DB", "ADO_DB\ADO_DB.csproj", "{494D29FF-0CE9-416F-A031-43E866E2C688}"
EndProject
Project("{00D1A9C2-B5F0-4AF3-8072-F6C62B433612}") = "UseADO", "UseADO\UseADO.sqlproj", "{46E37EB5-2AD9-426A-B4E3-FFA894BA7170}"
EndProject
Project("{FAE04EC0-301F-11D3-BF4B-00C04F79EFBC}") = "UseADO_DB", "UseADO_DB\UseADO_DB.csproj", "{15503345-FEA2-4707-B57B-B726D6A6FBBE}"
	ProjectSection(ProjectDependencies) = postProject
		{494D29FF-0CE9-416F-A031-43E866E2C688} = {494D29FF-0CE9-416F-A031-43E866E2C688}
	EndProjectSection
EndProject
Global
	GlobalSection(SolutionConfigurationPlatforms) = preSolution
		Debug|Any CPU = Debug|Any CPU
		Release|Any CPU = Release|Any CPU
	EndGlobalSection
	GlobalSection(ProjectConfigurationPlatforms) = postSolution
		{24A93FB7-81FA-496D-A1DF-77DD7BEA956A}.Debug|Any CPU.ActiveCfg = Debug|Any CPU
		{24A93FB7-81FA-496D-A1DF-77DD7BEA956A}.Debug|Any CPU.Build.0 = Debug|Any CPU
		{24A93FB7-81FA-496D-A1DF-77DD7BEA956A}.Debug|Any CPU.Deploy.0 = Debug|Any CPU
		{24A93FB7-81FA-496D-A1DF-77DD7BEA956A}.Release|Any CPU.ActiveCfg = Release|Any CPU
		{24A93FB7-81FA-496D-A1DF-77DD7BEA956A}.Release|Any CPU.Build.0 = Release|Any CPU
		{24A93FB7-81FA-496D-A1DF-77DD7BEA956A}.Release|Any CPU.Deploy.0 = Release|Any CPU
		{8C494239-70E5-4F15-8851-6DD8D46043BF}.Debug|Any CPU.ActiveCfg = Debug|Any CPU
		{8C494239-70E5-4F15-8851-6DD8D46043BF}.Debug|Any CPU.Build.0 = Debug|Any CPU
		{8C494239-70E5-4F15-8851-6DD8D46043BF}.Release|Any CPU.ActiveCfg = Release|Any CPU
		{8C494239-70E5-4F15-8851-6DD8D46043BF}.Release|Any CPU.Build.0 = Release|Any CPU
		{494D29FF-0CE9-416F-A031-43E866E2C688}.Debug|Any CPU.ActiveCfg = Debug|Any CPU
		{494D29FF-0CE9-416F-A031-43E866E2C688}.Debug|Any CPU.Build.0 = Debug|Any CPU
		{494D29FF-0CE9-416F-A031-43E866E2C688}.Release|Any CPU.ActiveCfg = Release|Any CPU
		{494D29FF-0CE9-416F-A031-43E866E2C688}.Release|Any CPU.Build.0 = Release|Any CPU
		{46E37EB5-2AD9-426A-B4E3-FFA894BA7170}.Debug|Any CPU.ActiveCfg = Debug|Any CPU
		{46E37EB5-2AD9-426A-B4E3-FFA894BA7170}.Debug|Any CPU.Build.0 = Debug|Any CPU
		{46E37EB5-2AD9-426A-B4E3-FFA894BA7170}.Debug|Any CPU.Deploy.0 = Debug|Any CPU
		{46E37EB5-2AD9-426A-B4E3-FFA894BA7170}.Release|Any CPU.ActiveCfg = Release|Any CPU
		{46E37EB5-2AD9-426A-B4E3-FFA894BA7170}.Release|Any CPU.Build.0 = Release|Any CPU
		{46E37EB5-2AD9-426A-B4E3-FFA894BA7170}.Release|Any CPU.Deploy.0 = Release|Any CPU
		{15503345-FEA2-4707-B57B-B726D6A6FBBE}.Debug|Any CPU.ActiveCfg = Debug|Any CPU
		{15503345-FEA2-4707-B57B-B726D6A6FBBE}.Debug|Any CPU.Build.0 = Debug|Any CPU
		{15503345-FEA2-4707-B57B-B726D6A6FBBE}.Release|Any CPU.ActiveCfg = Release|Any CPU
		{15503345-FEA2-4707-B57B-B726D6A6FBBE}.Release|Any CPU.Build.0 = Release|Any CPU
	EndGlobalSection
	GlobalSection(SolutionProperties) = preSolution
		HideSolutionNode = FALSE
	EndGlobalSection
	GlobalSection(ExtensibilityGlobals) = postSolution
		SolutionGuid = {75D5741A-A119-4297-8E34-CA407EBBEEC8}
	EndGlobalSection
EndGlobal
